
Microsoft Visual Studio Solution File, Format Version 12.00
# Visual Studio Version 16
VisualStudioVersion = 16.0.30204.135
MinimumVisualStudioVersion = 10.0.40219.1
Project("{9A19103F-16F7-4668-BE54-9A1E7A4F7556}") = "TCG.BusinessRules", "TCG.BusinessRules\TCG.BusinessRules.csproj", "{7AC33061-7B50-43E7-A212-2C2FCB27A803}"
EndProject
Project("{9A19103F-16F7-4668-BE54-9A1E7A4F7556}") = "TCG.Models", "TCG.Models\TCG.Models.csproj", "{213EE2E2-71C4-4EF4-A618-DBE39F64433F}"
EndProject
Project("{9A19103F-16F7-4668-BE54-9A1E7A4F7556}") = "TCG.Identity", "TCG.Identity\TCG.Identity.csproj", "{C1724C39-74EE-49CA-B57A-B3147211F2B2}"
EndProject
Global
	GlobalSection(SolutionConfigurationPlatforms) = preSolution
		Debug|Any CPU = Debug|Any CPU
		Release|Any CPU = Release|Any CPU
	EndGlobalSection
	GlobalSection(ProjectConfigurationPlatforms) = postSolution
		{7AC33061-7B50-43E7-A212-2C2FCB27A803}.Debug|Any CPU.ActiveCfg = Debug|Any CPU
		{7AC33061-7B50-43E7-A212-2C2FCB27A803}.Debug|Any CPU.Build.0 = Debug|Any CPU
		{7AC33061-7B50-43E7-A212-2C2FCB27A803}.Release|Any CPU.ActiveCfg = Release|Any CPU
		{7AC33061-7B50-43E7-A212-2C2FCB27A803}.Release|Any CPU.Build.0 = Release|Any CPU
		{213EE2E2-71C4-4EF4-A618-DBE39F64433F}.Debug|Any CPU.ActiveCfg = Debug|Any CPU
		{213EE2E2-71C4-4EF4-A618-DBE39F64433F}.Debug|Any CPU.Build.0 = Debug|Any CPU
		{213EE2E2-71C4-4EF4-A618-DBE39F64433F}.Release|Any CPU.ActiveCfg = Release|Any CPU
		{213EE2E2-71C4-4EF4-A618-DBE39F64433F}.Release|Any CPU.Build.0 = Release|Any CPU
		{C1724C39-74EE-49CA-B57A-B3147211F2B2}.Debug|Any CPU.ActiveCfg = Debug|Any CPU
		{C1724C39-74EE-49CA-B57A-B3147211F2B2}.Debug|Any CPU.Build.0 = Debug|Any CPU
		{C1724C39-74EE-49CA-B57A-B3147211F2B2}.Release|Any CPU.ActiveCfg = Release|Any CPU
		{C1724C39-74EE-49CA-B57A-B3147211F2B2}.Release|Any CPU.Build.0 = Release|Any CPU
	EndGlobalSection
	GlobalSection(SolutionProperties) = preSolution
		HideSolutionNode = FALSE
	EndGlobalSection
	GlobalSection(ExtensibilityGlobals) = postSolution
		SolutionGuid = {A703128E-8DE7-449D-9223-6FA89A73CC1B}
	EndGlobalSection
EndGlobal
