
Microsoft Visual Studio Solution File, Format Version 12.00
# Visual Studio Version 16
VisualStudioVersion = 16.0.30204.135
MinimumVisualStudioVersion = 10.0.40219.1
Project("{FAE04EC0-301F-11D3-BF4B-00C04F79EFBC}") = "TCGPrimus.Api", "TCGPrimusApi\TCGPrimus.Api.csproj", "{3D1F5077-41AF-4D43-BF9E-C5771C8D7213}"
EndProject
Project("{FAE04EC0-301F-11D3-BF4B-00C04F79EFBC}") = "TCGPrimus.Contracts", "TCGPrimus.Contracts\TCGPrimus.Contracts.csproj", "{080B4A39-13C1-4BCF-9A7E-107E008D3C81}"
EndProject
Project("{FAE04EC0-301F-11D3-BF4B-00C04F79EFBC}") = "TCGPrimus.Entities", "TCGPrimus.Entities\TCGPrimus.Entities.csproj", "{63E37D7F-55D4-4128-A82A-C16AD725C510}"
EndProject
Project("{FAE04EC0-301F-11D3-BF4B-00C04F79EFBC}") = "TCGPrimus.LoggerService", "TCGPrimus.LoggerService\TCGPrimus.LoggerService.csproj", "{92435F07-C862-47D4-8352-F1D6A169C3A1}"
EndProject
Project("{FAE04EC0-301F-11D3-BF4B-00C04F79EFBC}") = "TCGPrimus.Repository", "TCGPrimus.Repository\TCGPrimus.Repository.csproj", "{F5CECDCC-7ED9-4F9E-9356-8F8387A07715}"
EndProject
Global
	GlobalSection(SolutionConfigurationPlatforms) = preSolution
		Debug|Any CPU = Debug|Any CPU
		Release|Any CPU = Release|Any CPU
	EndGlobalSection
	GlobalSection(ProjectConfigurationPlatforms) = postSolution
		{3D1F5077-41AF-4D43-BF9E-C5771C8D7213}.Debug|Any CPU.ActiveCfg = Debug|Any CPU
		{3D1F5077-41AF-4D43-BF9E-C5771C8D7213}.Debug|Any CPU.Build.0 = Debug|Any CPU
		{3D1F5077-41AF-4D43-BF9E-C5771C8D7213}.Release|Any CPU.ActiveCfg = Release|Any CPU
		{3D1F5077-41AF-4D43-BF9E-C5771C8D7213}.Release|Any CPU.Build.0 = Release|Any CPU
		{080B4A39-13C1-4BCF-9A7E-107E008D3C81}.Debug|Any CPU.ActiveCfg = Debug|Any CPU
		{080B4A39-13C1-4BCF-9A7E-107E008D3C81}.Debug|Any CPU.Build.0 = Debug|Any CPU
		{080B4A39-13C1-4BCF-9A7E-107E008D3C81}.Release|Any CPU.ActiveCfg = Release|Any CPU
		{080B4A39-13C1-4BCF-9A7E-107E008D3C81}.Release|Any CPU.Build.0 = Release|Any CPU
		{63E37D7F-55D4-4128-A82A-C16AD725C510}.Debug|Any CPU.ActiveCfg = Debug|Any CPU
		{63E37D7F-55D4-4128-A82A-C16AD725C510}.Debug|Any CPU.Build.0 = Debug|Any CPU
		{63E37D7F-55D4-4128-A82A-C16AD725C510}.Release|Any CPU.ActiveCfg = Release|Any CPU
		{63E37D7F-55D4-4128-A82A-C16AD725C510}.Release|Any CPU.Build.0 = Release|Any CPU
		{92435F07-C862-47D4-8352-F1D6A169C3A1}.Debug|Any CPU.ActiveCfg = Debug|Any CPU
		{92435F07-C862-47D4-8352-F1D6A169C3A1}.Debug|Any CPU.Build.0 = Debug|Any CPU
		{92435F07-C862-47D4-8352-F1D6A169C3A1}.Release|Any CPU.ActiveCfg = Release|Any CPU
		{92435F07-C862-47D4-8352-F1D6A169C3A1}.Release|Any CPU.Build.0 = Release|Any CPU
		{F5CECDCC-7ED9-4F9E-9356-8F8387A07715}.Debug|Any CPU.ActiveCfg = Debug|Any CPU
		{F5CECDCC-7ED9-4F9E-9356-8F8387A07715}.Debug|Any CPU.Build.0 = Debug|Any CPU
		{F5CECDCC-7ED9-4F9E-9356-8F8387A07715}.Release|Any CPU.ActiveCfg = Release|Any CPU
		{F5CECDCC-7ED9-4F9E-9356-8F8387A07715}.Release|Any CPU.Build.0 = Release|Any CPU
	EndGlobalSection
	GlobalSection(SolutionProperties) = preSolution
		HideSolutionNode = FALSE
	EndGlobalSection
	GlobalSection(ExtensibilityGlobals) = postSolution
		SolutionGuid = {3B6A61A6-A44D-42B3-BCF4-8B5E7944FA01}
	EndGlobalSection
EndGlobal
